
Microsoft Visual Studio Solution File, Format Version 12.00
# Visual Studio 2013
VisualStudioVersion = 12.0.31101.0
MinimumVisualStudioVersion = 10.0.40219.1
Project("{FAE04EC0-301F-11D3-BF4B-00C04F79EFBC}") = "COPsyncPresecenseMapTests", "COPsyncPresecenseMapTests\COPsyncPresecenseMapTests.csproj", "{FEB256F0-4FAA-4893-8595-D782389B9452}"
EndProject
Project("{FAE04EC0-301F-11D3-BF4B-00C04F79EFBC}") = "COPsyncPresenceMap.WPF", "COPsyncPresenceMap.WPF\COPsyncPresenceMap.WPF.csproj", "{CCE5685D-2A1A-493F-AC76-CF693244C722}"
EndProject
Project("{2150E333-8FDC-42A3-9474-1A3956D46DE8}") = "CommonFiles", "CommonFiles", "{7FF7D4E1-4682-41D9-86A1-9272C7732237}"
	ProjectSection(SolutionItems) = preProject
		CommonFiles\base-map.svg = CommonFiles\base-map.svg
		CommonFiles\COPsyncPresence.xlsx = CommonFiles\COPsyncPresence.xlsx
	EndProjectSection
EndProject
Project("{6141683F-8A12-4E36-9623-2EB02B2C2303}") = "COPsyncPresenceMapSetup", "COPsyncPresenceMapSetup\COPsyncPresenceMapSetup.isproj", "{AD0AF5A1-A903-445B-8E9A-773D31C35011}"
	ProjectSection(ProjectDependencies) = postProject
		{CCE5685D-2A1A-493F-AC76-CF693244C722} = {CCE5685D-2A1A-493F-AC76-CF693244C722}
	EndProjectSection
EndProject
Project("{FAE04EC0-301F-11D3-BF4B-00C04F79EFBC}") = "COPsyncPresenceMap", "COPsyncPresenceMap\COPsyncPresenceMap.csproj", "{695C776B-04F9-44D7-9168-B3B5F20F1312}"
EndProject
Global
	GlobalSection(SolutionConfigurationPlatforms) = preSolution
		CD_ROM|Any CPU = CD_ROM|Any CPU
		Debug|Any CPU = Debug|Any CPU
		DVD-5|Any CPU = DVD-5|Any CPU
		Release|Any CPU = Release|Any CPU
		SingleImage|Any CPU = SingleImage|Any CPU
	EndGlobalSection
	GlobalSection(ProjectConfigurationPlatforms) = postSolution
		{FEB256F0-4FAA-4893-8595-D782389B9452}.CD_ROM|Any CPU.ActiveCfg = Release|Any CPU
		{FEB256F0-4FAA-4893-8595-D782389B9452}.CD_ROM|Any CPU.Build.0 = Release|Any CPU
		{FEB256F0-4FAA-4893-8595-D782389B9452}.Debug|Any CPU.ActiveCfg = Debug|Any CPU
		{FEB256F0-4FAA-4893-8595-D782389B9452}.Debug|Any CPU.Build.0 = Debug|Any CPU
		{FEB256F0-4FAA-4893-8595-D782389B9452}.DVD-5|Any CPU.ActiveCfg = Debug|Any CPU
		{FEB256F0-4FAA-4893-8595-D782389B9452}.DVD-5|Any CPU.Build.0 = Debug|Any CPU
		{FEB256F0-4FAA-4893-8595-D782389B9452}.Release|Any CPU.ActiveCfg = Release|Any CPU
		{FEB256F0-4FAA-4893-8595-D782389B9452}.Release|Any CPU.Build.0 = Release|Any CPU
		{FEB256F0-4FAA-4893-8595-D782389B9452}.SingleImage|Any CPU.ActiveCfg = Release|Any CPU
		{FEB256F0-4FAA-4893-8595-D782389B9452}.SingleImage|Any CPU.Build.0 = Release|Any CPU
		{CCE5685D-2A1A-493F-AC76-CF693244C722}.CD_ROM|Any CPU.ActiveCfg = Release|Any CPU
		{CCE5685D-2A1A-493F-AC76-CF693244C722}.CD_ROM|Any CPU.Build.0 = Release|Any CPU
		{CCE5685D-2A1A-493F-AC76-CF693244C722}.Debug|Any CPU.ActiveCfg = Debug|Any CPU
		{CCE5685D-2A1A-493F-AC76-CF693244C722}.Debug|Any CPU.Build.0 = Debug|Any CPU
		{CCE5685D-2A1A-493F-AC76-CF693244C722}.DVD-5|Any CPU.ActiveCfg = Debug|Any CPU
		{CCE5685D-2A1A-493F-AC76-CF693244C722}.DVD-5|Any CPU.Build.0 = Debug|Any CPU
		{CCE5685D-2A1A-493F-AC76-CF693244C722}.Release|Any CPU.ActiveCfg = Release|Any CPU
		{CCE5685D-2A1A-493F-AC76-CF693244C722}.Release|Any CPU.Build.0 = Release|Any CPU
		{CCE5685D-2A1A-493F-AC76-CF693244C722}.SingleImage|Any CPU.ActiveCfg = Release|Any CPU
		{CCE5685D-2A1A-493F-AC76-CF693244C722}.SingleImage|Any CPU.Build.0 = Release|Any CPU
		{AD0AF5A1-A903-445B-8E9A-773D31C35011}.CD_ROM|Any CPU.ActiveCfg = CD_ROM
		{AD0AF5A1-A903-445B-8E9A-773D31C35011}.CD_ROM|Any CPU.Build.0 = CD_ROM
		{AD0AF5A1-A903-445B-8E9A-773D31C35011}.Debug|Any CPU.ActiveCfg = DVD-5
		{AD0AF5A1-A903-445B-8E9A-773D31C35011}.Debug|Any CPU.Build.0 = DVD-5
		{AD0AF5A1-A903-445B-8E9A-773D31C35011}.DVD-5|Any CPU.ActiveCfg = DVD-5
		{AD0AF5A1-A903-445B-8E9A-773D31C35011}.DVD-5|Any CPU.Build.0 = DVD-5
		{AD0AF5A1-A903-445B-8E9A-773D31C35011}.Release|Any CPU.ActiveCfg = SingleImage
		{AD0AF5A1-A903-445B-8E9A-773D31C35011}.Release|Any CPU.Build.0 = SingleImage
		{AD0AF5A1-A903-445B-8E9A-773D31C35011}.SingleImage|Any CPU.ActiveCfg = SingleImage
		{AD0AF5A1-A903-445B-8E9A-773D31C35011}.SingleImage|Any CPU.Build.0 = SingleImage
		{695C776B-04F9-44D7-9168-B3B5F20F1312}.CD_ROM|Any CPU.ActiveCfg = Release|Any CPU
		{695C776B-04F9-44D7-9168-B3B5F20F1312}.CD_ROM|Any CPU.Build.0 = Release|Any CPU
		{695C776B-04F9-44D7-9168-B3B5F20F1312}.Debug|Any CPU.ActiveCfg = Debug|Any CPU
		{695C776B-04F9-44D7-9168-B3B5F20F1312}.Debug|Any CPU.Build.0 = Debug|Any CPU
		{695C776B-04F9-44D7-9168-B3B5F20F1312}.DVD-5|Any CPU.ActiveCfg = Debug|Any CPU
		{695C776B-04F9-44D7-9168-B3B5F20F1312}.DVD-5|Any CPU.Build.0 = Debug|Any CPU
		{695C776B-04F9-44D7-9168-B3B5F20F1312}.Release|Any CPU.ActiveCfg = Release|Any CPU
		{695C776B-04F9-44D7-9168-B3B5F20F1312}.Release|Any CPU.Build.0 = Release|Any CPU
		{695C776B-04F9-44D7-9168-B3B5F20F1312}.SingleImage|Any CPU.ActiveCfg = Release|Any CPU
		{695C776B-04F9-44D7-9168-B3B5F20F1312}.SingleImage|Any CPU.Build.0 = Release|Any CPU
	EndGlobalSection
	GlobalSection(SolutionProperties) = preSolution
		HideSolutionNode = FALSE
	EndGlobalSection
EndGlobal
